
Microsoft Visual Studio Solution File, Format Version 12.00
# Visual Studio Version 16
VisualStudioVersion = 16.0.31727.386
MinimumVisualStudioVersion = 10.0.40219.1
Project("{2150E333-8FDC-42A3-9474-1A3956D46DE8}") = "Services", "Services", "{E293A352-986F-4B67-AC03-2D63DBE19612}"
EndProject
Project("{2150E333-8FDC-42A3-9474-1A3956D46DE8}") = "WebApps", "WebApps", "{2C3F73A5-4D29-4928-9F77-21AEFC11AE6A}"
EndProject
Project("{2150E333-8FDC-42A3-9474-1A3956D46DE8}") = "Cadastro", "Cadastro", "{FA4AFC1D-598D-42C0-B9FF-C3B07DD6EAF8}"
EndProject
Project("{2150E333-8FDC-42A3-9474-1A3956D46DE8}") = "Catalogo", "Catalogo", "{143112DC-EB95-46A4-AA01-737A91BDA447}"
EndProject
Project("{2150E333-8FDC-42A3-9474-1A3956D46DE8}") = "Core", "Core", "{E4B252B5-BA16-431F-AB1C-367679308527}"
EndProject
Project("{2150E333-8FDC-42A3-9474-1A3956D46DE8}") = "Fiscal", "Fiscal", "{1D3AC7D6-43BB-40A9-B5A4-81FF4C32294C}"
EndProject
Project("{2150E333-8FDC-42A3-9474-1A3956D46DE8}") = "Pagamentos", "Pagamentos", "{442A18F3-C305-4C4B-9186-081EB3C780EB}"
EndProject
Project("{2150E333-8FDC-42A3-9474-1A3956D46DE8}") = "Vendas", "Vendas", "{E02FFF96-44B4-4D2B-8ABF-58F0E72D6B8D}"
EndProject
Project("{9A19103F-16F7-4668-BE54-9A1E7A4F7556}") = "NerdScore.Catalogo.Domain", "src\NerdScore.Catalogo.Domain\NerdScore.Catalogo.Domain.csproj", "{AA37091A-079F-4603-9831-3D9786B0EBBD}"
EndProject
Project("{9A19103F-16F7-4668-BE54-9A1E7A4F7556}") = "NerdStore.Core", "src\NerdScore.Core\NerdStore.Core.csproj", "{6A5BF3FD-5C22-43BE-B386-D15352C3BA59}"
EndProject
Project("{2150E333-8FDC-42A3-9474-1A3956D46DE8}") = "Tests", "Tests", "{BFE40C7E-3707-4F72-832F-7C4D6C7ACB8E}"
EndProject
Project("{9A19103F-16F7-4668-BE54-9A1E7A4F7556}") = "NerdStore.Catalogo.Domain.Tests", "tests\NerdStore.Catalogo.Domain.Tests\NerdStore.Catalogo.Domain.Tests.csproj", "{67869A37-F8FD-4825-BBA4-D818CED89DF8}"
EndProject
Project("{9A19103F-16F7-4668-BE54-9A1E7A4F7556}") = "NerdStore.Catalogo.Data", "src\NerdStore.Catalogo.Data\NerdStore.Catalogo.Data.csproj", "{87D521E4-1539-41CE-B26E-98EBACC70FA2}"
EndProject
Project("{9A19103F-16F7-4668-BE54-9A1E7A4F7556}") = "NerdStore.Catalogo.Application", "src\NerdStore.Catalogo.Application\NerdStore.Catalogo.Application.csproj", "{843761D1-E1D7-42F3-A21D-DF1A95A1648B}"
EndProject
Project("{9A19103F-16F7-4668-BE54-9A1E7A4F7556}") = "Presentation", "src\Presentation\Presentation.csproj", "{4375B449-6C56-45FF-ADA0-DE564226EC9F}"
EndProject
Project("{9A19103F-16F7-4668-BE54-9A1E7A4F7556}") = "NerdStore.Vendas.Domain", "src\NerdStore.Vendas.Domain\NerdStore.Vendas.Domain.csproj", "{2802419C-AC51-4B94-B705-89056A4C088E}"
EndProject
Project("{9A19103F-16F7-4668-BE54-9A1E7A4F7556}") = "NerdStore.Vendas.Application", "src\NerdStore.Application\NerdStore.Vendas.Application.csproj", "{54D19951-657E-4371-A2F1-651C90E717FD}"
EndProject
Project("{9A19103F-16F7-4668-BE54-9A1E7A4F7556}") = "NerdStore.Vendas.Data", "src\NerdStore.Vendas.Data\NerdStore.Vendas.Data.csproj", "{1EA35C02-032F-4516-8309-026FE0FECB27}"
EndProject
Project("{9A19103F-16F7-4668-BE54-9A1E7A4F7556}") = "NerdStore.Pagamentos.AntiCorruption", "src\NerdStore.Pagamentos.AntiCorruption\NerdStore.Pagamentos.AntiCorruption.csproj", "{8FC6AF0B-C4BE-4B12-A532-5323A7BFB5D0}"
EndProject
Project("{9A19103F-16F7-4668-BE54-9A1E7A4F7556}") = "NerdStore.Pagamentos.Business", "src\NerdStore.Pagamentos.Business\NerdStore.Pagamentos.Business.csproj", "{4C470CEB-F647-42A3-9F3F-25DD3340454B}"
EndProject
Project("{9A19103F-16F7-4668-BE54-9A1E7A4F7556}") = "NerdStore.Pagamentos.Data", "src\NerdStore.Pagamentos.Data\NerdStore.Pagamentos.Data.csproj", "{0E2D1EE4-F72B-41CB-9AE6-FA6D49F6E597}"
EndProject
Project("{2150E333-8FDC-42A3-9474-1A3956D46DE8}") = "BuildingBlocks", "BuildingBlocks", "{1C5687F0-8223-4CDC-9B88-9C52240BC097}"
EndProject
Project("{9A19103F-16F7-4668-BE54-9A1E7A4F7556}") = "EventSourcing", "src\EventSourcing\EventSourcing.csproj", "{3588954A-1383-4D1E-8649-6692B1D0D714}"
EndProject
Global
	GlobalSection(SolutionConfigurationPlatforms) = preSolution
		Debug|Any CPU = Debug|Any CPU
		Release|Any CPU = Release|Any CPU
	EndGlobalSection
	GlobalSection(ProjectConfigurationPlatforms) = postSolution
		{AA37091A-079F-4603-9831-3D9786B0EBBD}.Debug|Any CPU.ActiveCfg = Debug|Any CPU
		{AA37091A-079F-4603-9831-3D9786B0EBBD}.Debug|Any CPU.Build.0 = Debug|Any CPU
		{AA37091A-079F-4603-9831-3D9786B0EBBD}.Release|Any CPU.ActiveCfg = Release|Any CPU
		{AA37091A-079F-4603-9831-3D9786B0EBBD}.Release|Any CPU.Build.0 = Release|Any CPU
		{6A5BF3FD-5C22-43BE-B386-D15352C3BA59}.Debug|Any CPU.ActiveCfg = Debug|Any CPU
		{6A5BF3FD-5C22-43BE-B386-D15352C3BA59}.Debug|Any CPU.Build.0 = Debug|Any CPU
		{6A5BF3FD-5C22-43BE-B386-D15352C3BA59}.Release|Any CPU.ActiveCfg = Release|Any CPU
		{6A5BF3FD-5C22-43BE-B386-D15352C3BA59}.Release|Any CPU.Build.0 = Release|Any CPU
		{67869A37-F8FD-4825-BBA4-D818CED89DF8}.Debug|Any CPU.ActiveCfg = Debug|Any CPU
		{67869A37-F8FD-4825-BBA4-D818CED89DF8}.Debug|Any CPU.Build.0 = Debug|Any CPU
		{67869A37-F8FD-4825-BBA4-D818CED89DF8}.Release|Any CPU.ActiveCfg = Release|Any CPU
		{67869A37-F8FD-4825-BBA4-D818CED89DF8}.Release|Any CPU.Build.0 = Release|Any CPU
		{87D521E4-1539-41CE-B26E-98EBACC70FA2}.Debug|Any CPU.ActiveCfg = Debug|Any CPU
		{87D521E4-1539-41CE-B26E-98EBACC70FA2}.Debug|Any CPU.Build.0 = Debug|Any CPU
		{87D521E4-1539-41CE-B26E-98EBACC70FA2}.Release|Any CPU.ActiveCfg = Release|Any CPU
		{87D521E4-1539-41CE-B26E-98EBACC70FA2}.Release|Any CPU.Build.0 = Release|Any CPU
		{843761D1-E1D7-42F3-A21D-DF1A95A1648B}.Debug|Any CPU.ActiveCfg = Debug|Any CPU
		{843761D1-E1D7-42F3-A21D-DF1A95A1648B}.Debug|Any CPU.Build.0 = Debug|Any CPU
		{843761D1-E1D7-42F3-A21D-DF1A95A1648B}.Release|Any CPU.ActiveCfg = Release|Any CPU
		{843761D1-E1D7-42F3-A21D-DF1A95A1648B}.Release|Any CPU.Build.0 = Release|Any CPU
		{4375B449-6C56-45FF-ADA0-DE564226EC9F}.Debug|Any CPU.ActiveCfg = Debug|Any CPU
		{4375B449-6C56-45FF-ADA0-DE564226EC9F}.Debug|Any CPU.Build.0 = Debug|Any CPU
		{4375B449-6C56-45FF-ADA0-DE564226EC9F}.Release|Any CPU.ActiveCfg = Release|Any CPU
		{4375B449-6C56-45FF-ADA0-DE564226EC9F}.Release|Any CPU.Build.0 = Release|Any CPU
		{2802419C-AC51-4B94-B705-89056A4C088E}.Debug|Any CPU.ActiveCfg = Debug|Any CPU
		{2802419C-AC51-4B94-B705-89056A4C088E}.Debug|Any CPU.Build.0 = Debug|Any CPU
		{2802419C-AC51-4B94-B705-89056A4C088E}.Release|Any CPU.ActiveCfg = Release|Any CPU
		{2802419C-AC51-4B94-B705-89056A4C088E}.Release|Any CPU.Build.0 = Release|Any CPU
		{54D19951-657E-4371-A2F1-651C90E717FD}.Debug|Any CPU.ActiveCfg = Debug|Any CPU
		{54D19951-657E-4371-A2F1-651C90E717FD}.Debug|Any CPU.Build.0 = Debug|Any CPU
		{54D19951-657E-4371-A2F1-651C90E717FD}.Release|Any CPU.ActiveCfg = Release|Any CPU
		{54D19951-657E-4371-A2F1-651C90E717FD}.Release|Any CPU.Build.0 = Release|Any CPU
		{1EA35C02-032F-4516-8309-026FE0FECB27}.Debug|Any CPU.ActiveCfg = Debug|Any CPU
		{1EA35C02-032F-4516-8309-026FE0FECB27}.Debug|Any CPU.Build.0 = Debug|Any CPU
		{1EA35C02-032F-4516-8309-026FE0FECB27}.Release|Any CPU.ActiveCfg = Release|Any CPU
		{1EA35C02-032F-4516-8309-026FE0FECB27}.Release|Any CPU.Build.0 = Release|Any CPU
		{8FC6AF0B-C4BE-4B12-A532-5323A7BFB5D0}.Debug|Any CPU.ActiveCfg = Debug|Any CPU
		{8FC6AF0B-C4BE-4B12-A532-5323A7BFB5D0}.Debug|Any CPU.Build.0 = Debug|Any CPU
		{8FC6AF0B-C4BE-4B12-A532-5323A7BFB5D0}.Release|Any CPU.ActiveCfg = Release|Any CPU
		{8FC6AF0B-C4BE-4B12-A532-5323A7BFB5D0}.Release|Any CPU.Build.0 = Release|Any CPU
		{4C470CEB-F647-42A3-9F3F-25DD3340454B}.Debug|Any CPU.ActiveCfg = Debug|Any CPU
		{4C470CEB-F647-42A3-9F3F-25DD3340454B}.Debug|Any CPU.Build.0 = Debug|Any CPU
		{4C470CEB-F647-42A3-9F3F-25DD3340454B}.Release|Any CPU.ActiveCfg = Release|Any CPU
		{4C470CEB-F647-42A3-9F3F-25DD3340454B}.Release|Any CPU.Build.0 = Release|Any CPU
		{0E2D1EE4-F72B-41CB-9AE6-FA6D49F6E597}.Debug|Any CPU.ActiveCfg = Debug|Any CPU
		{0E2D1EE4-F72B-41CB-9AE6-FA6D49F6E597}.Debug|Any CPU.Build.0 = Debug|Any CPU
		{0E2D1EE4-F72B-41CB-9AE6-FA6D49F6E597}.Release|Any CPU.ActiveCfg = Release|Any CPU
		{0E2D1EE4-F72B-41CB-9AE6-FA6D49F6E597}.Release|Any CPU.Build.0 = Release|Any CPU
		{3588954A-1383-4D1E-8649-6692B1D0D714}.Debug|Any CPU.ActiveCfg = Debug|Any CPU
		{3588954A-1383-4D1E-8649-6692B1D0D714}.Debug|Any CPU.Build.0 = Debug|Any CPU
		{3588954A-1383-4D1E-8649-6692B1D0D714}.Release|Any CPU.ActiveCfg = Release|Any CPU
		{3588954A-1383-4D1E-8649-6692B1D0D714}.Release|Any CPU.Build.0 = Release|Any CPU
	EndGlobalSection
	GlobalSection(SolutionProperties) = preSolution
		HideSolutionNode = FALSE
	EndGlobalSection
	GlobalSection(NestedProjects) = preSolution
		{FA4AFC1D-598D-42C0-B9FF-C3B07DD6EAF8} = {E293A352-986F-4B67-AC03-2D63DBE19612}
		{143112DC-EB95-46A4-AA01-737A91BDA447} = {E293A352-986F-4B67-AC03-2D63DBE19612}
		{E4B252B5-BA16-431F-AB1C-367679308527} = {E293A352-986F-4B67-AC03-2D63DBE19612}
		{1D3AC7D6-43BB-40A9-B5A4-81FF4C32294C} = {E293A352-986F-4B67-AC03-2D63DBE19612}
		{442A18F3-C305-4C4B-9186-081EB3C780EB} = {E293A352-986F-4B67-AC03-2D63DBE19612}
		{E02FFF96-44B4-4D2B-8ABF-58F0E72D6B8D} = {E293A352-986F-4B67-AC03-2D63DBE19612}
		{AA37091A-079F-4603-9831-3D9786B0EBBD} = {143112DC-EB95-46A4-AA01-737A91BDA447}
		{6A5BF3FD-5C22-43BE-B386-D15352C3BA59} = {E4B252B5-BA16-431F-AB1C-367679308527}
		{BFE40C7E-3707-4F72-832F-7C4D6C7ACB8E} = {143112DC-EB95-46A4-AA01-737A91BDA447}
		{67869A37-F8FD-4825-BBA4-D818CED89DF8} = {BFE40C7E-3707-4F72-832F-7C4D6C7ACB8E}
		{87D521E4-1539-41CE-B26E-98EBACC70FA2} = {143112DC-EB95-46A4-AA01-737A91BDA447}
		{843761D1-E1D7-42F3-A21D-DF1A95A1648B} = {143112DC-EB95-46A4-AA01-737A91BDA447}
		{4375B449-6C56-45FF-ADA0-DE564226EC9F} = {2C3F73A5-4D29-4928-9F77-21AEFC11AE6A}
		{2802419C-AC51-4B94-B705-89056A4C088E} = {E02FFF96-44B4-4D2B-8ABF-58F0E72D6B8D}
		{54D19951-657E-4371-A2F1-651C90E717FD} = {E02FFF96-44B4-4D2B-8ABF-58F0E72D6B8D}
		{1EA35C02-032F-4516-8309-026FE0FECB27} = {E02FFF96-44B4-4D2B-8ABF-58F0E72D6B8D}
		{8FC6AF0B-C4BE-4B12-A532-5323A7BFB5D0} = {442A18F3-C305-4C4B-9186-081EB3C780EB}
		{4C470CEB-F647-42A3-9F3F-25DD3340454B} = {442A18F3-C305-4C4B-9186-081EB3C780EB}
		{0E2D1EE4-F72B-41CB-9AE6-FA6D49F6E597} = {442A18F3-C305-4C4B-9186-081EB3C780EB}
		{3588954A-1383-4D1E-8649-6692B1D0D714} = {1C5687F0-8223-4CDC-9B88-9C52240BC097}
	EndGlobalSection
	GlobalSection(ExtensibilityGlobals) = postSolution
		SolutionGuid = {3F9F52CC-7130-4996-82D3-2B8929C6D7D1}
	EndGlobalSection
EndGlobal
